// !$*UTF8*$!
{
	archiveVersion = 1;
	classes = {
	};
	objectVersion = 46;
	objects = {

/* Begin PBXBuildFile section */
		B5E1385D1B2E762B001E2366 /* AppDelegate.swift in Sources */ = {isa = PBXBuildFile; fileRef = B5E1385C1B2E762B001E2366 /* AppDelegate.swift */; };
		B5E1385F1B2E762B001E2366 /* ViewController.swift in Sources */ = {isa = PBXBuildFile; fileRef = B5E1385E1B2E762B001E2366 /* ViewController.swift */; };
		B5E138621B2E762C001E2366 /* Main.storyboard in Resources */ = {isa = PBXBuildFile; fileRef = B5E138601B2E762C001E2366 /* Main.storyboard */; };
		B5E138641B2E762C001E2366 /* Images.xcassets in Resources */ = {isa = PBXBuildFile; fileRef = B5E138631B2E762C001E2366 /* Images.xcassets */; };
		B5E138671B2E762C001E2366 /* LaunchScreen.xib in Resources */ = {isa = PBXBuildFile; fileRef = B5E138651B2E762C001E2366 /* LaunchScreen.xib */; };
		B5E138731B2E762C001E2366 /* Overtime_Management_SystemTests.swift in Sources */ = {isa = PBXBuildFile; fileRef = B5E138721B2E762C001E2366 /* Overtime_Management_SystemTests.swift */; };
/* End PBXBuildFile section */

/* Begin PBXContainerItemProxy section */
		B5E1386D1B2E762C001E2366 /* PBXContainerItemProxy */ = {
			isa = PBXContainerItemProxy;
			containerPortal = B5E1384F1B2E762A001E2366 /* Project object */;
			proxyType = 1;
			remoteGlobalIDString = B5E138561B2E762B001E2366;
			remoteInfo = "Overtime Management System";
		};
/* End PBXContainerItemProxy section */

/* Begin PBXFileReference section */
		B5E138571B2E762B001E2366 /* Overtime Management System.app */ = {isa = PBXFileReference; explicitFileType = wrapper.application; includeInIndex = 0; path = "Overtime Management System.app"; sourceTree = BUILT_PRODUCTS_DIR; };
		B5E1385B1B2E762B001E2366 /* Info.plist */ = {isa = PBXFileReference; lastKnownFileType = text.plist.xml; path = Info.plist; sourceTree = "<group>"; };
		B5E1385C1B2E762B001E2366 /* AppDelegate.swift */ = {isa = PBXFileReference; lastKnownFileType = sourcecode.swift; path = AppDelegate.swift; sourceTree = "<group>"; };
		B5E1385E1B2E762B001E2366 /* ViewController.swift */ = {isa = PBXFileReference; lastKnownFileType = sourcecode.swift; path = ViewController.swift; sourceTree = "<group>"; };
		B5E138611B2E762C001E2366 /* Base */ = {isa = PBXFileReference; lastKnownFileType = file.storyboard; name = Base; path = Base.lproj/Main.storyboard; sourceTree = "<group>"; };
		B5E138631B2E762C001E2366 /* Images.xcassets */ = {isa = PBXFileReference; lastKnownFileType = folder.assetcatalog; path = Images.xcassets; sourceTree = "<group>"; };
		B5E138661B2E762C001E2366 /* Base */ = {isa = PBXFileReference; lastKnownFileType = file.xib; name = Base; path = Base.lproj/LaunchScreen.xib; sourceTree = "<group>"; };
		B5E1386C1B2E762C001E2366 /* Overtime Management SystemTests.xctest */ = {isa = PBXFileReference; explicitFileType = wrapper.cfbundle; includeInIndex = 0; path = "Overtime Management SystemTests.xctest"; sourceTree = BUILT_PRODUCTS_DIR; };
		B5E138711B2E762C001E2366 /* Info.plist */ = {isa = PBXFileReference; lastKnownFileType = text.plist.xml; path = Info.plist; sourceTree = "<group>"; };
		B5E138721B2E762C001E2366 /* Overtime_Management_SystemTests.swift */ = {isa = PBXFileReference; lastKnownFileType = sourcecode.swift; path = Overtime_Management_SystemTests.swift; sourceTree = "<group>"; };
/* End PBXFileReference section */

/* Begin PBXFrameworksBuildPhase section */
		B5E138541B2E762B001E2366 /* Frameworks */ = {
			isa = PBXFrameworksBuildPhase;
			buildActionMask = 2147483647;
			files = (
			);
			runOnlyForDeploymentPostprocessing = 0;
		};
		B5E138691B2E762C001E2366 /* Frameworks */ = {
			isa = PBXFrameworksBuildPhase;
			buildActionMask = 2147483647;
			files = (
			);
			runOnlyForDeploymentPostprocessing = 0;
		};
/* End PBXFrameworksBuildPhase section */

/* Begin PBXGroup section */
		B5E1384E1B2E762A001E2366 = {
			isa = PBXGroup;
			children = (
				B5E138591B2E762B001E2366 /* Overtime Management System */,
				B5E1386F1B2E762C001E2366 /* Overtime Management SystemTests */,
				B5E138581B2E762B001E2366 /* Products */,
			);
			sourceTree = "<group>";
		};
		B5E138581B2E762B001E2366 /* Products */ = {
			isa = PBXGroup;
			children = (
				B5E138571B2E762B001E2366 /* Overtime Management System.app */,
				B5E1386C1B2E762C001E2366 /* Overtime Management SystemTests.xctest */,
			);
			name = Products;
			sourceTree = "<group>";
		};
		B5E138591B2E762B001E2366 /* Overtime Management System */ = {
			isa = PBXGroup;
			children = (
				B5E1385C1B2E762B001E2366 /* AppDelegate.swift */,
				B5E1385E1B2E762B001E2366 /* ViewController.swift */,
				B5E138601B2E762C001E2366 /* Main.storyboard */,
				B5E138631B2E762C001E2366 /* Images.xcassets */,
				B5E138651B2E762C001E2366 /* LaunchScreen.xib */,
				B5E1385A1B2E762B001E2366 /* Supporting Files */,
			);
			path = "Overtime Management System";
			sourceTree = "<group>";
		};
		B5E1385A1B2E762B001E2366 /* Supporting Files */ = {
			isa = PBXGroup;
			children = (
				B5E1385B1B2E762B001E2366 /* Info.plist */,
			);
			name = "Supporting Files";
			sourceTree = "<group>";
		};
		B5E1386F1B2E762C001E2366 /* Overtime Management SystemTests */ = {
			isa = PBXGroup;
			children = (
				B5E138721B2E762C001E2366 /* Overtime_Management_SystemTests.swift */,
				B5E138701B2E762C001E2366 /* Supporting Files */,
			);
			path = "Overtime Management SystemTests";
			sourceTree = "<group>";
		};
		B5E138701B2E762C001E2366 /* Supporting Files */ = {
			isa = PBXGroup;
			children = (
				B5E138711B2E762C001E2366 /* Info.plist */,
			);
			name = "Supporting Files";
			sourceTree = "<group>";
		};
/* End PBXGroup section */

/* Begin PBXNativeTarget section */
		B5E138561B2E762B001E2366 /* Overtime Management System */ = {
			isa = PBXNativeTarget;
			buildConfigurationList = B5E138761B2E762C001E2366 /* Build configuration list for PBXNativeTarget "Overtime Management System" */;
			buildPhases = (
				B5E138531B2E762B001E2366 /* Sources */,
				B5E138541B2E762B001E2366 /* Frameworks */,
				B5E138551B2E762B001E2366 /* Resources */,
			);
			buildRules = (
			);
			dependencies = (
			);
			name = "Overtime Management System";
			productName = "Overtime Management System";
			productReference = B5E138571B2E762B001E2366 /* Overtime Management System.app */;
			productType = "com.apple.product-type.application";
		};
		B5E1386B1B2E762C001E2366 /* Overtime Management SystemTests */ = {
			isa = PBXNativeTarget;
			buildConfigurationList = B5E138791B2E762C001E2366 /* Build configuration list for PBXNativeTarget "Overtime Management SystemTests" */;
			buildPhases = (
				B5E138681B2E762C001E2366 /* Sources */,
				B5E138691B2E762C001E2366 /* Frameworks */,
				B5E1386A1B2E762C001E2366 /* Resources */,
			);
			buildRules = (
			);
			dependencies = (
				B5E1386E1B2E762C001E2366 /* PBXTargetDependency */,
			);
			name = "Overtime Management SystemTests";
			productName = "Overtime Management SystemTests";
			productReference = B5E1386C1B2E762C001E2366 /* Overtime Management SystemTests.xctest */;
			productType = "com.apple.product-type.bundle.unit-test";
		};
/* End PBXNativeTarget section */

/* Begin PBXProject section */
		B5E1384F1B2E762A001E2366 /* Project object */ = {
			isa = PBXProject;
			attributes = {
				LastUpgradeCheck = 0630;
				ORGANIZATIONNAME = panzhenhai;
				TargetAttributes = {
					B5E138561B2E762B001E2366 = {
						CreatedOnToolsVersion = 6.3.1;
					};
					B5E1386B1B2E762C001E2366 = {
						CreatedOnToolsVersion = 6.3.1;
						TestTargetID = B5E138561B2E762B001E2366;
					};
				};
			};
			buildConfigurationList = B5E138521B2E762A001E2366 /* Build configuration list for PBXProject "Overtime Management System" */;
			compatibilityVersion = "Xcode 3.2";
			developmentRegion = English;
			hasScannedForEncodings = 0;
			knownRegions = (
				en,
				Base,
			);
			mainGroup = B5E1384E1B2E762A001E2366;
			productRefGroup = B5E138581B2E762B001E2366 /* Products */;
			projectDirPath = "";
			projectRoot = "";
			targets = (
				B5E138561B2E762B001E2366 /* Overtime Management System */,
				B5E1386B1B2E762C001E2366 /* Overtime Management SystemTests */,
			);
		};
/* End PBXProject section */

/* Begin PBXResourcesBuildPhase section */
		B5E138551B2E762B001E2366 /* Resources */ = {
			isa = PBXResourcesBuildPhase;
			buildActionMask = 2147483647;
			files = (
				B5E138621B2E762C001E2366 /* Main.storyboard in Resources */,
				B5E138671B2E762C001E2366 /* LaunchScreen.xib in Resources */,
				B5E138641B2E762C001E2366 /* Images.xcassets in Resources */,
			);
			runOnlyForDeploymentPostprocessing = 0;
		};
		B5E1386A1B2E762C001E2366 /* Resources */ = {
			isa = PBXResourcesBuildPhase;
			buildActionMask = 2147483647;
			files = (
			);
			runOnlyForDeploymentPostprocessing = 0;
		};
/* End PBXResourcesBuildPhase section */

/* Begin PBXSourcesBuildPhase section */
		B5E138531B2E762B001E2366 /* Sources */ = {
			isa = PBXSourcesBuildPhase;
			buildActionMask = 2147483647;
			files = (
				B5E1385F1B2E762B001E2366 /* ViewController.swift in Sources */,
				B5E1385D1B2E762B001E2366 /* AppDelegate.swift in Sources */,
			);
			runOnlyForDeploymentPostprocessing = 0;
		};
		B5E138681B2E762C001E2366 /* Sources */ = {
			isa = PBXSourcesBuildPhase;
			buildActionMask = 2147483647;
			files = (
				B5E138731B2E762C001E2366 /* Overtime_Management_SystemTests.swift in Sources */,
			);
			runOnlyForDeploymentPostprocessing = 0;
		};
/* End PBXSourcesBuildPhase section */

/* Begin PBXTargetDependency section */
		B5E1386E1B2E762C001E2366 /* PBXTargetDependency */ = {
			isa = PBXTargetDependency;
			target = B5E138561B2E762B001E2366 /* Overtime Management System */;
			targetProxy = B5E1386D1B2E762C001E2366 /* PBXContainerItemProxy */;
		};
/* End PBXTargetDependency section */

/* Begin PBXVariantGroup section */
		B5E138601B2E762C001E2366 /* Main.storyboard */ = {
			isa = PBXVariantGroup;
			children = (
				B5E138611B2E762C001E2366 /* Base */,
			);
			name = Main.storyboard;
			sourceTree = "<group>";
		};
		B5E138651B2E762C001E2366 /* LaunchScreen.xib */ = {
			isa = PBXVariantGroup;
			children = (
				B5E138661B2E762C001E2366 /* Base */,
			);
			name = LaunchScreen.xib;
			sourceTree = "<group>";
		};
/* End PBXVariantGroup section */

/* Begin XCBuildConfiguration section */
		B5E138741B2E762C001E2366 /* Debug */ = {
			isa = XCBuildConfiguration;
			buildSettings = {
				ALWAYS_SEARCH_USER_PATHS = NO;
				CLANG_CXX_LANGUAGE_STANDARD = "gnu++0x";
				CLANG_CXX_LIBRARY = "libc++";
				CLANG_ENABLE_MODULES = YES;
				CLANG_ENABLE_OBJC_ARC = YES;
				CLANG_WARN_BOOL_CONVERSION = YES;
				CLANG_WARN_CONSTANT_CONVERSION = YES;
				CLANG_WARN_DIRECT_OBJC_ISA_USAGE = YES_ERROR;
				CLANG_WARN_EMPTY_BODY = YES;
				CLANG_WARN_ENUM_CONVERSION = YES;
				CLANG_WARN_INT_CONVERSION = YES;
				CLANG_WARN_OBJC_ROOT_CLASS = YES_ERROR;
				CLANG_WARN_UNREACHABLE_CODE = YES;
				CLANG_WARN__DUPLICATE_METHOD_MATCH = YES;
				"CODE_SIGN_IDENTITY[sdk=iphoneos*]" = "iPhone Developer";
				COPY_PHASE_STRIP = NO;
				DEBUG_INFORMATION_FORMAT = "dwarf-with-dsym";
				ENABLE_STRICT_OBJC_MSGSEND = YES;
				GCC_C_LANGUAGE_STANDARD = gnu99;
				GCC_DYNAMIC_NO_PIC = NO;
				GCC_NO_COMMON_BLOCKS = YES;
				GCC_OPTIMIZATION_LEVEL = 0;
				GCC_PREPROCESSOR_DEFINITIONS = (
					"DEBUG=1",
					"$(inherited)",
				);
				GCC_SYMBOLS_PRIVATE_EXTERN = NO;
				GCC_WARN_64_TO_32_BIT_CONVERSION = YES;
				GCC_WARN_ABOUT_RETURN_TYPE = YES_ERROR;
				GCC_WARN_UNDECLARED_SELECTOR = YES;
				GCC_WARN_UNINITIALIZED_AUTOS = YES_AGGRESSIVE;
				GCC_WARN_UNUSED_FUNCTION = YES;
				GCC_WARN_UNUSED_VARIABLE = YES;
				IPHONEOS_DEPLOYMENT_TARGET = 8.3;
				MTL_ENABLE_DEBUG_INFO = YES;
				ONLY_ACTIVE_ARCH = YES;
				SDKROOT = iphoneos;
				SWIFT_OPTIMIZATION_LEVEL = "-Onone";
			};
			name = Debug;
		};
		B5E138751B2E762C001E2366 /* Release */ = {
			isa = XCBuildConfiguration;
			buildSettings = {
				ALWAYS_SEARCH_USER_PATHS = NO;
				CLANG_CXX_LANGUAGE_STANDARD = "gnu++0x";
				CLANG_CXX_LIBRARY = "libc++";
				CLANG_ENABLE_MODULES = YES;
				CLANG_ENABLE_OBJC_ARC = YES;
				CLANG_WARN_BOOL_CONVERSION = YES;
				CLANG_WARN_CONSTANT_CONVERSION = YES;
				CLANG_WARN_DIRECT_OBJC_ISA_USAGE = YES_ERROR;
				CLANG_WARN_EMPTY_BODY = YES;
				CLANG_WARN_ENUM_CONVERSION = YES;
				CLANG_WARN_INT_CONVERSION = YES;
				CLANG_WARN_OBJC_ROOT_CLASS = YES_ERROR;
				CLANG_WARN_UNREACHABLE_CODE = YES;
				CLANG_WARN__DUPLICATE_METHOD_MATCH = YES;
				"CODE_SIGN_IDENTITY[sdk=iphoneos*]" = "iPhone Developer";
				COPY_PHASE_STRIP = NO;
				DEBUG_INFORMATION_FORMAT = "dwarf-with-dsym";
				ENABLE_NS_ASSERTIONS = NO;
				ENABLE_STRICT_OBJC_MSGSEND = YES;
				GCC_C_LANGUAGE_STANDARD = gnu99;
				GCC_NO_COMMON_BLOCKS = YES;
				GCC_WARN_64_TO_32_BIT_CONVERSION = YES;
				GCC_WARN_ABOUT_RETURN_TYPE = YES_ERROR;
				GCC_WARN_UNDECLARED_SELECTOR = YES;
				GCC_WARN_UNINITIALIZED_AUTOS = YES_AGGRESSIVE;
				GCC_WARN_UNUSED_FUNCTION = YES;
				GCC_WARN_UNUSED_VARIABLE = YES;
				IPHONEOS_DEPLOYMENT_TARGET = 8.3;
				MTL_ENABLE_DEBUG_INFO = NO;
				SDKROOT = iphoneos;
				VALIDATE_PRODUCT = YES;
			};
			name = Release;
		};
		B5E138771B2E762C001E2366 /* Debug */ = {
			isa = XCBuildConfiguration;
			buildSettings = {
				ASSETCATALOG_COMPILER_APPICON_NAME = AppIcon;
				INFOPLIST_FILE = "Overtime Management System/Info.plist";
				LD_RUNPATH_SEARCH_PATHS = "$(inherited) @executable_path/Frameworks";
				PRODUCT_NAME = "$(TARGET_NAME)";
			};
			name = Debug;
		};
		B5E138781B2E762C001E2366 /* Release */ = {
			isa = XCBuildConfiguration;
			buildSettings = {
				ASSETCATALOG_COMPILER_APPICON_NAME = AppIcon;
				INFOPLIST_FILE = "Overtime Management System/Info.plist";
				LD_RUNPATH_SEARCH_PATHS = "$(inherited) @executable_path/Frameworks";
				PRODUCT_NAME = "$(TARGET_NAME)";
			};
			name = Release;
		};
		B5E1387A1B2E762C001E2366 /* Debug */ = {
			isa = XCBuildConfiguration;
			buildSettings = {
				BUNDLE_LOADER = "$(TEST_HOST)";
				FRAMEWORK_SEARCH_PATHS = (
					"$(SDKROOT)/Developer/Library/Frameworks",
					"$(inherited)",
				);
				GCC_PREPROCESSOR_DEFINITIONS = (
					"DEBUG=1",
					"$(inherited)",
				);
				INFOPLIST_FILE = "Overtime Management SystemTests/Info.plist";
				LD_RUNPATH_SEARCH_PATHS = "$(inherited) @executable_path/Frameworks @loader_path/Frameworks";
				PRODUCT_NAME = "$(TARGET_NAME)";
				TEST_HOST = "$(BUILT_PRODUCTS_DIR)/Overtime Management System.app/Overtime Management System";
			};
			name = Debug;
		};
		B5E1387B1B2E762C001E2366 /* Release */ = {
			isa = XCBuildConfiguration;
			buildSettings = {
				BUNDLE_LOADER = "$(TEST_HOST)";
				FRAMEWORK_SEARCH_PATHS = (
					"$(SDKROOT)/Developer/Library/Frameworks",
					"$(inherited)",
				);
				INFOPLIST_FILE = "Overtime Management SystemTests/Info.plist";
				LD_RUNPATH_SEARCH_PATHS = "$(inherited) @executable_path/Frameworks @loader_path/Frameworks";
				PRODUCT_NAME = "$(TARGET_NAME)";
				TEST_HOST = "$(BUILT_PRODUCTS_DIR)/Overtime Management System.app/Overtime Management System";
			};
			name = Release;
		};
/* End XCBuildConfiguration section */

/* Begin XCConfigurationList section */
		B5E138521B2E762A001E2366 /* Build configuration list for PBXProject "Overtime Management System" */ = {
			isa = XCConfigurationList;
			buildConfigurations = (
				B5E138741B2E762C001E2366 /* Debug */,
				B5E138751B2E762C001E2366 /* Release */,
			);
			defaultConfigurationIsVisible = 0;
			defaultConfigurationName = Release;
		};
		B5E138761B2E762C001E2366 /* Build configuration list for PBXNativeTarget "Overtime Management System" */ = {
			isa = XCConfigurationList;
			buildConfigurations = (
				B5E138771B2E762C001E2366 /* Debug */,
				B5E138781B2E762C001E2366 /* Release */,
			);
			defaultConfigurationIsVisible = 0;
		};
		B5E138791B2E762C001E2366 /* Build configuration list for PBXNativeTarget "Overtime Management SystemTests" */ = {
			isa = XCConfigurationList;
			buildConfigurations = (
				B5E1387A1B2E762C001E2366 /* Debug */,
				B5E1387B1B2E762C001E2366 /* Release */,
			);
			defaultConfigurationIsVisible = 0;
		};
/* End XCConfigurationList section */
	};
	rootObject = B5E1384F1B2E762A001E2366 /* Project object */;
}
